
Microsoft Visual Studio Solution File, Format Version 12.00
# Visual Studio Version 16
VisualStudioVersion = 16.0.30717.126
MinimumVisualStudioVersion = 10.0.40219.1
Project("{FAE04EC0-301F-11D3-BF4B-00C04F79EFBC}") = "DogGo", "DogGo\DogGo.csproj", "{C9DAE3E6-F8DC-4782-BDFB-9C6B3F236B9B}"
EndProject
Global
	GlobalSection(SolutionConfigurationPlatforms) = preSolution
		Debug|Any CPU = Debug|Any CPU
		Release|Any CPU = Release|Any CPU
	EndGlobalSection
	GlobalSection(ProjectConfigurationPlatforms) = postSolution
		{C9DAE3E6-F8DC-4782-BDFB-9C6B3F236B9B}.Debug|Any CPU.ActiveCfg = Debug|Any CPU
		{C9DAE3E6-F8DC-4782-BDFB-9C6B3F236B9B}.Debug|Any CPU.Build.0 = Debug|Any CPU
		{C9DAE3E6-F8DC-4782-BDFB-9C6B3F236B9B}.Release|Any CPU.ActiveCfg = Release|Any CPU
		{C9DAE3E6-F8DC-4782-BDFB-9C6B3F236B9B}.Release|Any CPU.Build.0 = Release|Any CPU
	EndGlobalSection
	GlobalSection(SolutionProperties) = preSolution
		HideSolutionNode = FALSE
	EndGlobalSection
	GlobalSection(ExtensibilityGlobals) = postSolution
		SolutionGuid = {0EEC1F69-5787-4C17-AC20-91F67A9B1AB2}
	EndGlobalSection
EndGlobal
